
Microsoft Visual Studio Solution File, Format Version 12.00
# Visual Studio Version 16
VisualStudioVersion = 16.0.30002.166
MinimumVisualStudioVersion = 10.0.40219.1
Project("{FAE04EC0-301F-11D3-BF4B-00C04F79EFBC}") = "EventFinderApp", "WpfApp1\EventFinderApp.csproj", "{A3A56BB2-33E9-49A4-B60F-AFFDB5D9BC92}"
EndProject
Project("{FAE04EC0-301F-11D3-BF4B-00C04F79EFBC}") = "DAL", "DAL\DAL.csproj", "{19AAD29C-774C-4509-B854-74C5BD806836}"
EndProject
Global
	GlobalSection(SolutionConfigurationPlatforms) = preSolution
		Debug|Any CPU = Debug|Any CPU
		Release|Any CPU = Release|Any CPU
	EndGlobalSection
	GlobalSection(ProjectConfigurationPlatforms) = postSolution
		{A3A56BB2-33E9-49A4-B60F-AFFDB5D9BC92}.Debug|Any CPU.ActiveCfg = Debug|Any CPU
		{A3A56BB2-33E9-49A4-B60F-AFFDB5D9BC92}.Debug|Any CPU.Build.0 = Debug|Any CPU
		{A3A56BB2-33E9-49A4-B60F-AFFDB5D9BC92}.Release|Any CPU.ActiveCfg = Release|Any CPU
		{A3A56BB2-33E9-49A4-B60F-AFFDB5D9BC92}.Release|Any CPU.Build.0 = Release|Any CPU
		{19AAD29C-774C-4509-B854-74C5BD806836}.Debug|Any CPU.ActiveCfg = Debug|Any CPU
		{19AAD29C-774C-4509-B854-74C5BD806836}.Debug|Any CPU.Build.0 = Debug|Any CPU
		{19AAD29C-774C-4509-B854-74C5BD806836}.Release|Any CPU.ActiveCfg = Release|Any CPU
		{19AAD29C-774C-4509-B854-74C5BD806836}.Release|Any CPU.Build.0 = Release|Any CPU
	EndGlobalSection
	GlobalSection(SolutionProperties) = preSolution
		HideSolutionNode = FALSE
	EndGlobalSection
	GlobalSection(ExtensibilityGlobals) = postSolution
		SolutionGuid = {312A076B-C9D7-41A9-8C0C-EE9123E03169}
	EndGlobalSection
EndGlobal
